
Microsoft Visual Studio Solution File, Format Version 12.00
# Visual Studio 15
VisualStudioVersion = 15.0.28307.136
MinimumVisualStudioVersion = 10.0.40219.1
Project("{888888A0-9F3D-457C-B088-3A5042F75D52}") = "TODOJUNTO1", "TODOJUNTO1\TODOJUNTO1.pyproj", "{891C7033-9B91-4AA9-A95B-65DBB370CAEE}"
EndProject
Global
	GlobalSection(SolutionConfigurationPlatforms) = preSolution
		Debug|Any CPU = Debug|Any CPU
		Release|Any CPU = Release|Any CPU
	EndGlobalSection
	GlobalSection(ProjectConfigurationPlatforms) = postSolution
		{891C7033-9B91-4AA9-A95B-65DBB370CAEE}.Debug|Any CPU.ActiveCfg = Debug|Any CPU
		{891C7033-9B91-4AA9-A95B-65DBB370CAEE}.Release|Any CPU.ActiveCfg = Release|Any CPU
	EndGlobalSection
	GlobalSection(SolutionProperties) = preSolution
		HideSolutionNode = FALSE
	EndGlobalSection
	GlobalSection(ExtensibilityGlobals) = postSolution
		SolutionGuid = {4E0C26C2-CC27-43E5-A6EB-2B19B62478B9}
	EndGlobalSection
EndGlobal
